
Microsoft Visual Studio Solution File, Format Version 12.00
# Visual Studio 15
Project("{FAE04EC0-301F-11D3-BF4B-00C04F79EFBC}") = "PhotonUnityNetworking.Demos", "PhotonUnityNetworking.Demos.csproj", "{2A9F365F-CB7E-6ACA-C42D-CEB6C57CCA67}"
EndProject
Project("{FAE04EC0-301F-11D3-BF4B-00C04F79EFBC}") = "Assembly-CSharp", "Assembly-CSharp.csproj", "{240EC273-85EA-27E0-22B0-0EEDE2D6B970}"
EndProject
Project("{FAE04EC0-301F-11D3-BF4B-00C04F79EFBC}") = "PhotonUnityNetworking.Utilities", "PhotonUnityNetworking.Utilities.csproj", "{70B213C7-5743-41D0-7CF6-C41D162522A7}"
EndProject
Project("{FAE04EC0-301F-11D3-BF4B-00C04F79EFBC}") = "PhotonChat", "PhotonChat.csproj", "{E94111C3-F5CE-1E35-AD63-30B8AB9B08DF}"
EndProject
Project("{FAE04EC0-301F-11D3-BF4B-00C04F79EFBC}") = "PhotonUnityNetworking", "PhotonUnityNetworking.csproj", "{47559A8A-45CE-B0EC-2EDE-0FD7D4A805A3}"
EndProject
Project("{FAE04EC0-301F-11D3-BF4B-00C04F79EFBC}") = "PhotonRealtime", "PhotonRealtime.csproj", "{899AAF8F-A3AF-7239-CE96-3FA3B9833622}"
EndProject
Project("{FAE04EC0-301F-11D3-BF4B-00C04F79EFBC}") = "PhotonUnityNetworking.Editor", "PhotonUnityNetworking.Editor.csproj", "{C2E9A46B-13BB-EC36-FAB3-8806F2EC73C6}"
EndProject
Project("{FAE04EC0-301F-11D3-BF4B-00C04F79EFBC}") = "PunDemos.DemoSlotcarEditor", "PunDemos.DemoSlotcarEditor.csproj", "{B50FC1DB-5648-CFC4-B9AB-405EE632C8E2}"
EndProject
Project("{FAE04EC0-301F-11D3-BF4B-00C04F79EFBC}") = "Assembly-CSharp-Editor", "Assembly-CSharp-Editor.csproj", "{6DDCDCC3-1EBB-120E-2B29-C08E984CC690}"
EndProject
Project("{FAE04EC0-301F-11D3-BF4B-00C04F79EFBC}") = "PhotonUnityNetworking.Utilities.PhotonPlayer.Editor", "PhotonUnityNetworking.Utilities.PhotonPlayer.Editor.csproj", "{8654177C-C983-14A5-967B-0249996A023A}"
EndProject
Project("{FAE04EC0-301F-11D3-BF4B-00C04F79EFBC}") = "PhotonUnityNetworking.Utilities.Culling.Editor", "PhotonUnityNetworking.Utilities.Culling.Editor.csproj", "{BE3892A8-9E84-CD66-5420-97A9450D8B4D}"
EndProject
Project("{FAE04EC0-301F-11D3-BF4B-00C04F79EFBC}") = "PunDemos.DemoHubEditor", "PunDemos.DemoHubEditor.csproj", "{6659513B-03D3-1EB0-8764-B4383A8FE280}"
EndProject
Global
	GlobalSection(SolutionConfigurationPlatforms) = preSolution
		Debug|Any CPU = Debug|Any CPU
		Release|Any CPU = Release|Any CPU
	EndGlobalSection
	GlobalSection(ProjectConfigurationPlatforms) = postSolution
		{2A9F365F-CB7E-6ACA-C42D-CEB6C57CCA67}.Debug|Any CPU.ActiveCfg = Debug|Any CPU
		{2A9F365F-CB7E-6ACA-C42D-CEB6C57CCA67}.Debug|Any CPU.Build.0 = Debug|Any CPU
		{2A9F365F-CB7E-6ACA-C42D-CEB6C57CCA67}.Release|Any CPU.ActiveCfg = Release|Any CPU
		{2A9F365F-CB7E-6ACA-C42D-CEB6C57CCA67}.Release|Any CPU.Build.0 = Release|Any CPU
		{240EC273-85EA-27E0-22B0-0EEDE2D6B970}.Debug|Any CPU.ActiveCfg = Debug|Any CPU
		{240EC273-85EA-27E0-22B0-0EEDE2D6B970}.Debug|Any CPU.Build.0 = Debug|Any CPU
		{240EC273-85EA-27E0-22B0-0EEDE2D6B970}.Release|Any CPU.ActiveCfg = Release|Any CPU
		{240EC273-85EA-27E0-22B0-0EEDE2D6B970}.Release|Any CPU.Build.0 = Release|Any CPU
		{70B213C7-5743-41D0-7CF6-C41D162522A7}.Debug|Any CPU.ActiveCfg = Debug|Any CPU
		{70B213C7-5743-41D0-7CF6-C41D162522A7}.Debug|Any CPU.Build.0 = Debug|Any CPU
		{70B213C7-5743-41D0-7CF6-C41D162522A7}.Release|Any CPU.ActiveCfg = Release|Any CPU
		{70B213C7-5743-41D0-7CF6-C41D162522A7}.Release|Any CPU.Build.0 = Release|Any CPU
		{E94111C3-F5CE-1E35-AD63-30B8AB9B08DF}.Debug|Any CPU.ActiveCfg = Debug|Any CPU
		{E94111C3-F5CE-1E35-AD63-30B8AB9B08DF}.Debug|Any CPU.Build.0 = Debug|Any CPU
		{E94111C3-F5CE-1E35-AD63-30B8AB9B08DF}.Release|Any CPU.ActiveCfg = Release|Any CPU
		{E94111C3-F5CE-1E35-AD63-30B8AB9B08DF}.Release|Any CPU.Build.0 = Release|Any CPU
		{47559A8A-45CE-B0EC-2EDE-0FD7D4A805A3}.Debug|Any CPU.ActiveCfg = Debug|Any CPU
		{47559A8A-45CE-B0EC-2EDE-0FD7D4A805A3}.Debug|Any CPU.Build.0 = Debug|Any CPU
		{47559A8A-45CE-B0EC-2EDE-0FD7D4A805A3}.Release|Any CPU.ActiveCfg = Release|Any CPU
		{47559A8A-45CE-B0EC-2EDE-0FD7D4A805A3}.Release|Any CPU.Build.0 = Release|Any CPU
		{899AAF8F-A3AF-7239-CE96-3FA3B9833622}.Debug|Any CPU.ActiveCfg = Debug|Any CPU
		{899AAF8F-A3AF-7239-CE96-3FA3B9833622}.Debug|Any CPU.Build.0 = Debug|Any CPU
		{899AAF8F-A3AF-7239-CE96-3FA3B9833622}.Release|Any CPU.ActiveCfg = Release|Any CPU
		{899AAF8F-A3AF-7239-CE96-3FA3B9833622}.Release|Any CPU.Build.0 = Release|Any CPU
		{C2E9A46B-13BB-EC36-FAB3-8806F2EC73C6}.Debug|Any CPU.ActiveCfg = Debug|Any CPU
		{C2E9A46B-13BB-EC36-FAB3-8806F2EC73C6}.Debug|Any CPU.Build.0 = Debug|Any CPU
		{C2E9A46B-13BB-EC36-FAB3-8806F2EC73C6}.Release|Any CPU.ActiveCfg = Release|Any CPU
		{C2E9A46B-13BB-EC36-FAB3-8806F2EC73C6}.Release|Any CPU.Build.0 = Release|Any CPU
		{B50FC1DB-5648-CFC4-B9AB-405EE632C8E2}.Debug|Any CPU.ActiveCfg = Debug|Any CPU
		{B50FC1DB-5648-CFC4-B9AB-405EE632C8E2}.Debug|Any CPU.Build.0 = Debug|Any CPU
		{B50FC1DB-5648-CFC4-B9AB-405EE632C8E2}.Release|Any CPU.ActiveCfg = Release|Any CPU
		{B50FC1DB-5648-CFC4-B9AB-405EE632C8E2}.Release|Any CPU.Build.0 = Release|Any CPU
		{6DDCDCC3-1EBB-120E-2B29-C08E984CC690}.Debug|Any CPU.ActiveCfg = Debug|Any CPU
		{6DDCDCC3-1EBB-120E-2B29-C08E984CC690}.Debug|Any CPU.Build.0 = Debug|Any CPU
		{6DDCDCC3-1EBB-120E-2B29-C08E984CC690}.Release|Any CPU.ActiveCfg = Release|Any CPU
		{6DDCDCC3-1EBB-120E-2B29-C08E984CC690}.Release|Any CPU.Build.0 = Release|Any CPU
		{8654177C-C983-14A5-967B-0249996A023A}.Debug|Any CPU.ActiveCfg = Debug|Any CPU
		{8654177C-C983-14A5-967B-0249996A023A}.Debug|Any CPU.Build.0 = Debug|Any CPU
		{8654177C-C983-14A5-967B-0249996A023A}.Release|Any CPU.ActiveCfg = Release|Any CPU
		{8654177C-C983-14A5-967B-0249996A023A}.Release|Any CPU.Build.0 = Release|Any CPU
		{BE3892A8-9E84-CD66-5420-97A9450D8B4D}.Debug|Any CPU.ActiveCfg = Debug|Any CPU
		{BE3892A8-9E84-CD66-5420-97A9450D8B4D}.Debug|Any CPU.Build.0 = Debug|Any CPU
		{BE3892A8-9E84-CD66-5420-97A9450D8B4D}.Release|Any CPU.ActiveCfg = Release|Any CPU
		{BE3892A8-9E84-CD66-5420-97A9450D8B4D}.Release|Any CPU.Build.0 = Release|Any CPU
		{6659513B-03D3-1EB0-8764-B4383A8FE280}.Debug|Any CPU.ActiveCfg = Debug|Any CPU
		{6659513B-03D3-1EB0-8764-B4383A8FE280}.Debug|Any CPU.Build.0 = Debug|Any CPU
		{6659513B-03D3-1EB0-8764-B4383A8FE280}.Release|Any CPU.ActiveCfg = Release|Any CPU
		{6659513B-03D3-1EB0-8764-B4383A8FE280}.Release|Any CPU.Build.0 = Release|Any CPU
	EndGlobalSection
	GlobalSection(SolutionProperties) = preSolution
		HideSolutionNode = FALSE
	EndGlobalSection
EndGlobal
